
Microsoft Visual Studio Solution File, Format Version 12.00
# Visual Studio Version 16
VisualStudioVersion = 25.0.1704.0
MinimumVisualStudioVersion = 10.0.40219.1
Project("{FAE04EC0-301F-11D3-BF4B-00C04F79EFBC}") = "Idea", "Idea\Idea.csproj", "{40052524-FC28-4A51-B524-024A94699C48}"
EndProject
Global
	GlobalSection(SolutionConfigurationPlatforms) = preSolution
		Debug|Any CPU = Debug|Any CPU
		Release|Any CPU = Release|Any CPU
	EndGlobalSection
	GlobalSection(ProjectConfigurationPlatforms) = postSolution
		{40052524-FC28-4A51-B524-024A94699C48}.Debug|Any CPU.ActiveCfg = Debug|Any CPU
		{40052524-FC28-4A51-B524-024A94699C48}.Debug|Any CPU.Build.0 = Debug|Any CPU
		{40052524-FC28-4A51-B524-024A94699C48}.Release|Any CPU.ActiveCfg = Release|Any CPU
		{40052524-FC28-4A51-B524-024A94699C48}.Release|Any CPU.Build.0 = Release|Any CPU
	EndGlobalSection
	GlobalSection(SolutionProperties) = preSolution
		HideSolutionNode = FALSE
	EndGlobalSection
	GlobalSection(ExtensibilityGlobals) = postSolution
		SolutionGuid = {E5D480DD-4498-4996-AADC-19CB86EAD0F2}
	EndGlobalSection
EndGlobal
